// !$*UTF8*$!
{
	archiveVersion = 1;
	classes = {
	};
	objectVersion = 55;
	objects = {

/* Begin PBXBuildFile section */
		B91526012715322A00E8B031 /* Collections in Frameworks */ = {isa = PBXBuildFile; productRef = B91526002715322A00E8B031 /* Collections */; };
		B91526032715324A00E8B031 /* Collections in Frameworks */ = {isa = PBXBuildFile; productRef = B91526022715324A00E8B031 /* Collections */; };
		B92A59D626E46B64002AC260 /* CGeometry in Frameworks */ = {isa = PBXBuildFile; productRef = B92A59D526E46B64002AC260 /* CGeometry */; };
		B93F8C092783A39500909080 /* DirectCoordinates.swift in Sources */ = {isa = PBXBuildFile; fileRef = B93F8C082783A39500909080 /* DirectCoordinates.swift */; };
		B93F8C0B2783A42700909080 /* Timing.swift in Sources */ = {isa = PBXBuildFile; fileRef = B93F8C0A2783A42700909080 /* Timing.swift */; };
		B93F8C0D2783A4F300909080 /* ComposedCoordinates.swift in Sources */ = {isa = PBXBuildFile; fileRef = B93F8C0C2783A4F300909080 /* ComposedCoordinates.swift */; };
		B93F8C112783A63C00909080 /* ReducedCoordinates.swift in Sources */ = {isa = PBXBuildFile; fileRef = B93F8C102783A63C00909080 /* ReducedCoordinates.swift */; };
		B93F8C142783AA8800909080 /* UDSliceCoordinate.swift in Sources */ = {isa = PBXBuildFile; fileRef = B93F8C132783AA8800909080 /* UDSliceCoordinate.swift */; };
		B93F8C162783AB0E00909080 /* EdgePermutationCoordinates.swift in Sources */ = {isa = PBXBuildFile; fileRef = B93F8C152783AB0E00909080 /* EdgePermutationCoordinates.swift */; };
		B93F8C182783B81200909080 /* Symmetry.swift in Sources */ = {isa = PBXBuildFile; fileRef = B93F8C172783B81200909080 /* Symmetry.swift */; };
		B955EF9E26ED73C0008F65E3 /* AlgorithmDetailsView.swift in Sources */ = {isa = PBXBuildFile; fileRef = B955EF9D26ED73C0008F65E3 /* AlgorithmDetailsView.swift */; };
		B96AB4CF26E3B32D003E38E4 /* AlgorithmsScreen.swift in Sources */ = {isa = PBXBuildFile; fileRef = B96AB4CE26E3B32D003E38E4 /* AlgorithmsScreen.swift */; };
		B96AB4D126E3B358003E38E4 /* Algorithm.swift in Sources */ = {isa = PBXBuildFile; fileRef = B96AB4D026E3B358003E38E4 /* Algorithm.swift */; };
		B96C57DB27133EE7006D4EEA /* TaggedPieces.swift in Sources */ = {isa = PBXBuildFile; fileRef = B96C57DA27133EE7006D4EEA /* TaggedPieces.swift */; };
		B96C7095270884DB001DAEF8 /* Algorithm.swift in Sources */ = {isa = PBXBuildFile; fileRef = B96AB4D026E3B358003E38E4 /* Algorithm.swift */; };
		B96C7098270885AB001DAEF8 /* ArrayBuilder in Frameworks */ = {isa = PBXBuildFile; productRef = B96C7097270885AB001DAEF8 /* ArrayBuilder */; };
		B96C7099270885BA001DAEF8 /* CubeConfiguration.swift in Sources */ = {isa = PBXBuildFile; fileRef = B9A2962C26E4346D005C59D1 /* CubeConfiguration.swift */; };
		B96C709A270885CC001DAEF8 /* Notation.swift in Sources */ = {isa = PBXBuildFile; fileRef = B9A2962E26E43495005C59D1 /* Notation.swift */; };
		B96C709C2708C46A001DAEF8 /* Pieces.swift in Sources */ = {isa = PBXBuildFile; fileRef = B96C709B2708C46A001DAEF8 /* Pieces.swift */; };
		B96C709E2708C4B6001DAEF8 /* Orientation.swift in Sources */ = {isa = PBXBuildFile; fileRef = B96C709D2708C4B6001DAEF8 /* Orientation.swift */; };
		B96C70A62708EAF3001DAEF8 /* HandyOperators in Frameworks */ = {isa = PBXBuildFile; productRef = B96C70A52708EAF3001DAEF8 /* HandyOperators */; };
		B96C70A827090EE3001DAEF8 /* PieceOrientation.swift in Sources */ = {isa = PBXBuildFile; fileRef = B96C709F2708C4D9001DAEF8 /* PieceOrientation.swift */; };
		B96C70A927090F6C001DAEF8 /* PiecePermutation.swift in Sources */ = {isa = PBXBuildFile; fileRef = B96C70A12708C524001DAEF8 /* PiecePermutation.swift */; };
		B96C70AA270910D7001DAEF8 /* CubeTransformation.swift in Sources */ = {isa = PBXBuildFile; fileRef = B96C70A32708C53E001DAEF8 /* CubeTransformation.swift */; };
		B96C70AC27091CB2001DAEF8 /* Algorithms in Frameworks */ = {isa = PBXBuildFile; productRef = B96C70AB27091CB2001DAEF8 /* Algorithms */; };
		B96E9BFA26E2755600A46A3B /* CubismApp.swift in Sources */ = {isa = PBXBuildFile; fileRef = B96E9BEC26E2755300A46A3B /* CubismApp.swift */; };
		B96E9BFB26E2755600A46A3B /* CubismApp.swift in Sources */ = {isa = PBXBuildFile; fileRef = B96E9BEC26E2755300A46A3B /* CubismApp.swift */; };
		B96E9BFC26E2755600A46A3B /* ContentView.swift in Sources */ = {isa = PBXBuildFile; fileRef = B96E9BED26E2755300A46A3B /* ContentView.swift */; };
		B96E9BFD26E2755600A46A3B /* ContentView.swift in Sources */ = {isa = PBXBuildFile; fileRef = B96E9BED26E2755300A46A3B /* ContentView.swift */; };
		B96E9BFE26E2755600A46A3B /* Assets.xcassets in Resources */ = {isa = PBXBuildFile; fileRef = B96E9BEE26E2755600A46A3B /* Assets.xcassets */; };
		B96E9BFF26E2755600A46A3B /* Assets.xcassets in Resources */ = {isa = PBXBuildFile; fileRef = B96E9BEE26E2755600A46A3B /* Assets.xcassets */; };
		B96E9C0A26E27A4C00A46A3B /* HandyOperators in Frameworks */ = {isa = PBXBuildFile; productRef = B96E9C0926E27A4C00A46A3B /* HandyOperators */; };
		B96E9C0D26E2867800A46A3B /* ArrayBuilder in Frameworks */ = {isa = PBXBuildFile; productRef = B96E9C0C26E2867800A46A3B /* ArrayBuilder */; };
		B96E9C0F26E2883600A46A3B /* TimerScreen.swift in Sources */ = {isa = PBXBuildFile; fileRef = B96E9C0E26E2883600A46A3B /* TimerScreen.swift */; };
		B96E9C1026E2883600A46A3B /* TimerScreen.swift in Sources */ = {isa = PBXBuildFile; fileRef = B96E9C0E26E2883600A46A3B /* TimerScreen.swift */; };
		B96E9C1326E2992D00A46A3B /* UserDefault in Frameworks */ = {isa = PBXBuildFile; productRef = B96E9C1226E2992D00A46A3B /* UserDefault */; };
		B96FEAA5277E9526008AD165 /* PrettyPrinting.swift in Sources */ = {isa = PBXBuildFile; fileRef = B96FEAA4277E9526008AD165 /* PrettyPrinting.swift */; };
		B979C24F2853A32E00C60455 /* Algorithm+Transform.swift in Sources */ = {isa = PBXBuildFile; fileRef = B979C24E2853A32E00C60455 /* Algorithm+Transform.swift */; };
		B979C2502853A32E00C60455 /* Algorithm+Transform.swift in Sources */ = {isa = PBXBuildFile; fileRef = B979C24E2853A32E00C60455 /* Algorithm+Transform.swift */; };
		B984D7F527C801EC00BEDC7D /* OrderedEdgeSubsetCoordinates.swift in Sources */ = {isa = PBXBuildFile; fileRef = B984D7F427C801EC00BEDC7D /* OrderedEdgeSubsetCoordinates.swift */; };
		B984D7F627C801F100BEDC7D /* OrderedEdgeSubsetCoordinates.swift in Sources */ = {isa = PBXBuildFile; fileRef = B984D7F427C801EC00BEDC7D /* OrderedEdgeSubsetCoordinates.swift */; };
		B984D7F727C801F100BEDC7D /* OrderedEdgeSubsetCoordinates.swift in Sources */ = {isa = PBXBuildFile; fileRef = B984D7F427C801EC00BEDC7D /* OrderedEdgeSubsetCoordinates.swift */; };
		B9855C1926EDA53E006764BD /* MoveSequenceView.swift in Sources */ = {isa = PBXBuildFile; fileRef = B9855C1826EDA53E006764BD /* MoveSequenceView.swift */; };
		B9855C1C26EE2848006764BD /* SwiftUIMissingPieces in Frameworks */ = {isa = PBXBuildFile; productRef = B9855C1B26EE2848006764BD /* SwiftUIMissingPieces */; };
		B9855C1F26EE2AB5006764BD /* Algorithms in Frameworks */ = {isa = PBXBuildFile; productRef = B9855C1E26EE2AB5006764BD /* Algorithms */; };
		B988476626E5732200E19911 /* OLLAlgorithms.swift in Sources */ = {isa = PBXBuildFile; fileRef = B988476526E5732200E19911 /* OLLAlgorithms.swift */; };
		B988476826E5737500E19911 /* PLLAlgorithms.swift in Sources */ = {isa = PBXBuildFile; fileRef = B988476726E5737500E19911 /* PLLAlgorithms.swift */; };
		B988476A26E5738D00E19911 /* MiscAlgorithms.swift in Sources */ = {isa = PBXBuildFile; fileRef = B988476926E5738D00E19911 /* MiscAlgorithms.swift */; };
		B994B159285BF67F006AD912 /* TrainerScreen.swift in Sources */ = {isa = PBXBuildFile; fileRef = B994B158285BF67F006AD912 /* TrainerScreen.swift */; };
		B9A11F532852ABED00599719 /* CubeTransformation+Standard.swift in Sources */ = {isa = PBXBuildFile; fileRef = B9A11F522852ABED00599719 /* CubeTransformation+Standard.swift */; };
		B9A11F542852ABF400599719 /* CubeTransformation+Standard.swift in Sources */ = {isa = PBXBuildFile; fileRef = B9A11F522852ABED00599719 /* CubeTransformation+Standard.swift */; };
		B9A11F552852ABF500599719 /* CubeTransformation+Standard.swift in Sources */ = {isa = PBXBuildFile; fileRef = B9A11F522852ABED00599719 /* CubeTransformation+Standard.swift */; };
		B9A11F562852B82400599719 /* NotationParser.swift in Sources */ = {isa = PBXBuildFile; fileRef = B9A2962A26E43453005C59D1 /* NotationParser.swift */; };
		B9A11F582852B89000599719 /* SimpleParser in Frameworks */ = {isa = PBXBuildFile; productRef = B9A11F572852B89000599719 /* SimpleParser */; };
		B9A2962B26E43453005C59D1 /* NotationParser.swift in Sources */ = {isa = PBXBuildFile; fileRef = B9A2962A26E43453005C59D1 /* NotationParser.swift */; };
		B9A2962D26E4346D005C59D1 /* CubeConfiguration.swift in Sources */ = {isa = PBXBuildFile; fileRef = B9A2962C26E4346D005C59D1 /* CubeConfiguration.swift */; };
		B9A2962F26E43495005C59D1 /* Notation.swift in Sources */ = {isa = PBXBuildFile; fileRef = B9A2962E26E43495005C59D1 /* Notation.swift */; };
		B9A2963126E434C4005C59D1 /* BaseAlgorithms.swift in Sources */ = {isa = PBXBuildFile; fileRef = B9A2963026E434C4005C59D1 /* BaseAlgorithms.swift */; };
		B9ABB6F92A2E1568004D345D /* SwiftUI+Contrast.swift in Sources */ = {isa = PBXBuildFile; fileRef = B9ABB6F82A2E1568004D345D /* SwiftUI+Contrast.swift */; };
		B9ABB6FA2A2E1568004D345D /* SwiftUI+Contrast.swift in Sources */ = {isa = PBXBuildFile; fileRef = B9ABB6F82A2E1568004D345D /* SwiftUI+Contrast.swift */; };
		B9ABB6FD2A2FCA92004D345D /* SettingsScreen.swift in Sources */ = {isa = PBXBuildFile; fileRef = B9ABB6FC2A2FCA92004D345D /* SettingsScreen.swift */; };
		B9ABB6FE2A2FCA92004D345D /* SettingsScreen.swift in Sources */ = {isa = PBXBuildFile; fileRef = B9ABB6FC2A2FCA92004D345D /* SettingsScreen.swift */; };
		B9ABB7002A30D728004D345D /* AppSettings.swift in Sources */ = {isa = PBXBuildFile; fileRef = B9ABB6FF2A30D728004D345D /* AppSettings.swift */; };
		B9ABB7012A30D728004D345D /* AppSettings.swift in Sources */ = {isa = PBXBuildFile; fileRef = B9ABB6FF2A30D728004D345D /* AppSettings.swift */; };
		B9ABDAAB27BDD7C700C7D65B /* CubeTransformation+Random.swift in Sources */ = {isa = PBXBuildFile; fileRef = B9ABDAAA27BDD7C700C7D65B /* CubeTransformation+Random.swift */; };
		B9AEB7DA27B17C950090A203 /* PruningTable.swift in Sources */ = {isa = PBXBuildFile; fileRef = B9AEB7D927B17C950090A203 /* PruningTable.swift */; };
		B9AEB7DB27B17CDE0090A203 /* Coordinate.swift in Sources */ = {isa = PBXBuildFile; fileRef = B9F3C91F270CE9E7002FBEBD /* Coordinate.swift */; };
		B9AEB7DC27B17CDF0090A203 /* ReducedCoordinates.swift in Sources */ = {isa = PBXBuildFile; fileRef = B93F8C102783A63C00909080 /* ReducedCoordinates.swift */; };
		B9AEB7DD27B17CDF0090A203 /* EdgePermutationCoordinates.swift in Sources */ = {isa = PBXBuildFile; fileRef = B93F8C152783AB0E00909080 /* EdgePermutationCoordinates.swift */; };
		B9AEB7DE27B17CDF0090A203 /* PruningTable.swift in Sources */ = {isa = PBXBuildFile; fileRef = B9AEB7D927B17C950090A203 /* PruningTable.swift */; };
		B9AEB7DF27B17CDF0090A203 /* Timing.swift in Sources */ = {isa = PBXBuildFile; fileRef = B93F8C0A2783A42700909080 /* Timing.swift */; };
		B9AEB7E027B17CDF0090A203 /* DirectCoordinates.swift in Sources */ = {isa = PBXBuildFile; fileRef = B93F8C082783A39500909080 /* DirectCoordinates.swift */; };
		B9AEB7E127B17CDF0090A203 /* Orientation.swift in Sources */ = {isa = PBXBuildFile; fileRef = B96C709D2708C4B6001DAEF8 /* Orientation.swift */; };
		B9AEB7E227B17CDF0090A203 /* CubeTransformation.swift in Sources */ = {isa = PBXBuildFile; fileRef = B96C70A32708C53E001DAEF8 /* CubeTransformation.swift */; };
		B9AEB7E327B17CDF0090A203 /* PieceOrientation.swift in Sources */ = {isa = PBXBuildFile; fileRef = B96C709F2708C4D9001DAEF8 /* PieceOrientation.swift */; };
		B9AEB7E427B17CDF0090A203 /* PrettyPrinting.swift in Sources */ = {isa = PBXBuildFile; fileRef = B96FEAA4277E9526008AD165 /* PrettyPrinting.swift */; };
		B9AEB7E527B17CDF0090A203 /* Symmetry.swift in Sources */ = {isa = PBXBuildFile; fileRef = B93F8C172783B81200909080 /* Symmetry.swift */; };
		B9AEB7E627B17CDF0090A203 /* Swift+Helpers.swift in Sources */ = {isa = PBXBuildFile; fileRef = B9EC07F32713CF2500CAC7BE /* Swift+Helpers.swift */; };
		B9AEB7E727B17CDF0090A203 /* MoveTable.swift in Sources */ = {isa = PBXBuildFile; fileRef = B9EC07F62715022B00CAC7BE /* MoveTable.swift */; };
		B9AEB7E827B17CDF0090A203 /* TaggedPieces.swift in Sources */ = {isa = PBXBuildFile; fileRef = B96C57DA27133EE7006D4EEA /* TaggedPieces.swift */; };
		B9AEB7E927B17CDF0090A203 /* UDSliceCoordinate.swift in Sources */ = {isa = PBXBuildFile; fileRef = B93F8C132783AA8800909080 /* UDSliceCoordinate.swift */; };
		B9AEB7EA27B17CDF0090A203 /* ComposedCoordinates.swift in Sources */ = {isa = PBXBuildFile; fileRef = B93F8C0C2783A4F300909080 /* ComposedCoordinates.swift */; };
		B9AEB7EB27B17CDF0090A203 /* Pieces.swift in Sources */ = {isa = PBXBuildFile; fileRef = B96C709B2708C46A001DAEF8 /* Pieces.swift */; };
		B9AEB7EC27B17CDF0090A203 /* PiecePermutation.swift in Sources */ = {isa = PBXBuildFile; fileRef = B96C70A12708C524001DAEF8 /* PiecePermutation.swift */; };
		B9AEB7ED27B17CDF0090A203 /* Coordinate.swift in Sources */ = {isa = PBXBuildFile; fileRef = B9F3C91F270CE9E7002FBEBD /* Coordinate.swift */; };
		B9AEB7EE27B17CDF0090A203 /* ReducedCoordinates.swift in Sources */ = {isa = PBXBuildFile; fileRef = B93F8C102783A63C00909080 /* ReducedCoordinates.swift */; };
		B9AEB7EF27B17CDF0090A203 /* EdgePermutationCoordinates.swift in Sources */ = {isa = PBXBuildFile; fileRef = B93F8C152783AB0E00909080 /* EdgePermutationCoordinates.swift */; };
		B9AEB7F027B17CDF0090A203 /* PruningTable.swift in Sources */ = {isa = PBXBuildFile; fileRef = B9AEB7D927B17C950090A203 /* PruningTable.swift */; };
		B9AEB7F127B17CDF0090A203 /* Timing.swift in Sources */ = {isa = PBXBuildFile; fileRef = B93F8C0A2783A42700909080 /* Timing.swift */; };
		B9AEB7F227B17CDF0090A203 /* DirectCoordinates.swift in Sources */ = {isa = PBXBuildFile; fileRef = B93F8C082783A39500909080 /* DirectCoordinates.swift */; };
		B9AEB7F327B17CDF0090A203 /* Orientation.swift in Sources */ = {isa = PBXBuildFile; fileRef = B96C709D2708C4B6001DAEF8 /* Orientation.swift */; };
		B9AEB7F427B17CDF0090A203 /* CubeTransformation.swift in Sources */ = {isa = PBXBuildFile; fileRef = B96C70A32708C53E001DAEF8 /* CubeTransformation.swift */; };
		B9AEB7F527B17CDF0090A203 /* PieceOrientation.swift in Sources */ = {isa = PBXBuildFile; fileRef = B96C709F2708C4D9001DAEF8 /* PieceOrientation.swift */; };
		B9AEB7F627B17CDF0090A203 /* PrettyPrinting.swift in Sources */ = {isa = PBXBuildFile; fileRef = B96FEAA4277E9526008AD165 /* PrettyPrinting.swift */; };
		B9AEB7F727B17CDF0090A203 /* Symmetry.swift in Sources */ = {isa = PBXBuildFile; fileRef = B93F8C172783B81200909080 /* Symmetry.swift */; };
		B9AEB7F827B17CDF0090A203 /* Swift+Helpers.swift in Sources */ = {isa = PBXBuildFile; fileRef = B9EC07F32713CF2500CAC7BE /* Swift+Helpers.swift */; };
		B9AEB7F927B17CDF0090A203 /* MoveTable.swift in Sources */ = {isa = PBXBuildFile; fileRef = B9EC07F62715022B00CAC7BE /* MoveTable.swift */; };
		B9AEB7FA27B17CDF0090A203 /* TaggedPieces.swift in Sources */ = {isa = PBXBuildFile; fileRef = B96C57DA27133EE7006D4EEA /* TaggedPieces.swift */; };
		B9AEB7FB27B17CDF0090A203 /* UDSliceCoordinate.swift in Sources */ = {isa = PBXBuildFile; fileRef = B93F8C132783AA8800909080 /* UDSliceCoordinate.swift */; };
		B9AEB7FC27B17CDF0090A203 /* ComposedCoordinates.swift in Sources */ = {isa = PBXBuildFile; fileRef = B93F8C0C2783A4F300909080 /* ComposedCoordinates.swift */; };
		B9AEB7FD27B17CDF0090A203 /* Pieces.swift in Sources */ = {isa = PBXBuildFile; fileRef = B96C709B2708C46A001DAEF8 /* Pieces.swift */; };
		B9AEB7FE27B17CDF0090A203 /* PiecePermutation.swift in Sources */ = {isa = PBXBuildFile; fileRef = B96C70A12708C524001DAEF8 /* PiecePermutation.swift */; };
		B9AEB80227B1BD990090A203 /* Solver.swift in Sources */ = {isa = PBXBuildFile; fileRef = B9AEB80127B1BD990090A203 /* Solver.swift */; };
		B9B47D1A27B37E2400EECC6F /* MoveTable+Cache.swift in Sources */ = {isa = PBXBuildFile; fileRef = B9B47D1927B37E2400EECC6F /* MoveTable+Cache.swift */; };
		B9B47D1B27B37E2C00EECC6F /* MoveTable+Cache.swift in Sources */ = {isa = PBXBuildFile; fileRef = B9B47D1927B37E2400EECC6F /* MoveTable+Cache.swift */; };
		B9B47D1C27B37E2C00EECC6F /* MoveTable+Cache.swift in Sources */ = {isa = PBXBuildFile; fileRef = B9B47D1927B37E2400EECC6F /* MoveTable+Cache.swift */; };
		B9B47D1E27B4078600EECC6F /* Data+Compression.swift in Sources */ = {isa = PBXBuildFile; fileRef = B9B47D1D27B4078600EECC6F /* Data+Compression.swift */; };
		B9B47D1F27B4078600EECC6F /* Data+Compression.swift in Sources */ = {isa = PBXBuildFile; fileRef = B9B47D1D27B4078600EECC6F /* Data+Compression.swift */; };
		B9B47D2027B4078600EECC6F /* Data+Compression.swift in Sources */ = {isa = PBXBuildFile; fileRef = B9B47D1D27B4078600EECC6F /* Data+Compression.swift */; };
		B9BA895728BAF9D400B3462A /* AddVariantSheet.swift in Sources */ = {isa = PBXBuildFile; fileRef = B9BA895628BAF9D400B3462A /* AddVariantSheet.swift */; };
		B9CF259326E2DF6C00E14E94 /* TimerResult.swift in Sources */ = {isa = PBXBuildFile; fileRef = B9CF259226E2DF6C00E14E94 /* TimerResult.swift */; };
		B9CF259426E2DF6C00E14E94 /* TimerResult.swift in Sources */ = {isa = PBXBuildFile; fileRef = B9CF259226E2DF6C00E14E94 /* TimerResult.swift */; };
		B9CF259626E2DF9E00E14E94 /* TimeFormatting.swift in Sources */ = {isa = PBXBuildFile; fileRef = B9CF259526E2DF9E00E14E94 /* TimeFormatting.swift */; };
		B9CF259726E2DF9E00E14E94 /* TimeFormatting.swift in Sources */ = {isa = PBXBuildFile; fileRef = B9CF259526E2DF9E00E14E94 /* TimeFormatting.swift */; };
		B9CF259926E2DFDA00E14E94 /* Stopwatch.swift in Sources */ = {isa = PBXBuildFile; fileRef = B9CF259826E2DFDA00E14E94 /* Stopwatch.swift */; };
		B9CF259A26E2DFDA00E14E94 /* Stopwatch.swift in Sources */ = {isa = PBXBuildFile; fileRef = B9CF259826E2DFDA00E14E94 /* Stopwatch.swift */; };
		B9CF259C26E2E04D00E14E94 /* SwiftUI+Helpers.swift in Sources */ = {isa = PBXBuildFile; fileRef = B9CF259B26E2E04D00E14E94 /* SwiftUI+Helpers.swift */; };
		B9CF259D26E2E04D00E14E94 /* SwiftUI+Helpers.swift in Sources */ = {isa = PBXBuildFile; fileRef = B9CF259B26E2E04D00E14E94 /* SwiftUI+Helpers.swift */; };
		B9D4316C27D5731D00119952 /* main.swift in Sources */ = {isa = PBXBuildFile; fileRef = B96C709027088496001DAEF8 /* main.swift */; };
		B9D5CEF2277A833500A6DBE0 /* SimpleParser in Frameworks */ = {isa = PBXBuildFile; productRef = B9D5CEF1277A833500A6DBE0 /* SimpleParser */; };
		B9D5CEF5277A857800A6DBE0 /* BigCubeAlgorithms.swift in Sources */ = {isa = PBXBuildFile; fileRef = B9D5CEF4277A857800A6DBE0 /* BigCubeAlgorithms.swift */; };
		B9D8429126E44F60007D5533 /* CubeConfigurationDiagram.swift in Sources */ = {isa = PBXBuildFile; fileRef = B9D8429026E44F60007D5533 /* CubeConfigurationDiagram.swift */; };
		B9DE914126F292F200DE0E29 /* Colors.swift in Sources */ = {isa = PBXBuildFile; fileRef = B9DE914026F292F200DE0E29 /* Colors.swift */; };
		B9E8EB9A27C9B42400AB614B /* Solver.swift in Sources */ = {isa = PBXBuildFile; fileRef = B9AEB80127B1BD990090A203 /* Solver.swift */; };
		B9E8EB9B27C9B42500AB614B /* Solver.swift in Sources */ = {isa = PBXBuildFile; fileRef = B9AEB80127B1BD990090A203 /* Solver.swift */; };
		B9E8EB9C27C9B43400AB614B /* CubeTransformation+Random.swift in Sources */ = {isa = PBXBuildFile; fileRef = B9ABDAAA27BDD7C700C7D65B /* CubeTransformation+Random.swift */; };
		B9E8EB9D27C9B43400AB614B /* CubeTransformation+Random.swift in Sources */ = {isa = PBXBuildFile; fileRef = B9ABDAAA27BDD7C700C7D65B /* CubeTransformation+Random.swift */; };
		B9EC07F42713CF2500CAC7BE /* Swift+Helpers.swift in Sources */ = {isa = PBXBuildFile; fileRef = B9EC07F32713CF2500CAC7BE /* Swift+Helpers.swift */; };
		B9EC07F72715022B00CAC7BE /* MoveTable.swift in Sources */ = {isa = PBXBuildFile; fileRef = B9EC07F62715022B00CAC7BE /* MoveTable.swift */; };
		B9F3C920270CE9E7002FBEBD /* Coordinate.swift in Sources */ = {isa = PBXBuildFile; fileRef = B9F3C91F270CE9E7002FBEBD /* Coordinate.swift */; };
		B9F5E6B426EA4DA100652979 /* AlgorithmCustomization.swift in Sources */ = {isa = PBXBuildFile; fileRef = B9F5E6B326EA4DA100652979 /* AlgorithmCustomization.swift */; };
/* End PBXBuildFile section */

/* Begin PBXCopyFilesBuildPhase section */
		B96C708C27088495001DAEF8 /* CopyFiles */ = {
			isa = PBXCopyFilesBuildPhase;
			buildActionMask = 2147483647;
			dstPath = /usr/share/man/man1;
			dstSubfolderSpec = 0;
			files = (
			);
			runOnlyForDeploymentPostprocessing = 1;
		};
/* End PBXCopyFilesBuildPhase section */

/* Begin PBXFileReference section */
		B93F8C082783A39500909080 /* DirectCoordinates.swift */ = {isa = PBXFileReference; lastKnownFileType = sourcecode.swift; path = DirectCoordinates.swift; sourceTree = "<group>"; };
		B93F8C0A2783A42700909080 /* Timing.swift */ = {isa = PBXFileReference; lastKnownFileType = sourcecode.swift; path = Timing.swift; sourceTree = "<group>"; };
		B93F8C0C2783A4F300909080 /* ComposedCoordinates.swift */ = {isa = PBXFileReference; lastKnownFileType = sourcecode.swift; path = ComposedCoordinates.swift; sourceTree = "<group>"; };
		B93F8C102783A63C00909080 /* ReducedCoordinates.swift */ = {isa = PBXFileReference; lastKnownFileType = sourcecode.swift; path = ReducedCoordinates.swift; sourceTree = "<group>"; };
		B93F8C132783AA8800909080 /* UDSliceCoordinate.swift */ = {isa = PBXFileReference; lastKnownFileType = sourcecode.swift; path = UDSliceCoordinate.swift; sourceTree = "<group>"; };
		B93F8C152783AB0E00909080 /* EdgePermutationCoordinates.swift */ = {isa = PBXFileReference; lastKnownFileType = sourcecode.swift; path = EdgePermutationCoordinates.swift; sourceTree = "<group>"; };
		B93F8C172783B81200909080 /* Symmetry.swift */ = {isa = PBXFileReference; lastKnownFileType = sourcecode.swift; path = Symmetry.swift; sourceTree = "<group>"; };
		B955EF9D26ED73C0008F65E3 /* AlgorithmDetailsView.swift */ = {isa = PBXFileReference; lastKnownFileType = sourcecode.swift; path = AlgorithmDetailsView.swift; sourceTree = "<group>"; };
		B96AB4CE26E3B32D003E38E4 /* AlgorithmsScreen.swift */ = {isa = PBXFileReference; lastKnownFileType = sourcecode.swift; path = AlgorithmsScreen.swift; sourceTree = "<group>"; };
		B96AB4D026E3B358003E38E4 /* Algorithm.swift */ = {isa = PBXFileReference; lastKnownFileType = sourcecode.swift; path = Algorithm.swift; sourceTree = "<group>"; };
		B96C57DA27133EE7006D4EEA /* TaggedPieces.swift */ = {isa = PBXFileReference; lastKnownFileType = sourcecode.swift; path = TaggedPieces.swift; sourceTree = "<group>"; };
		B96C708E27088495001DAEF8 /* Solver */ = {isa = PBXFileReference; explicitFileType = "compiled.mach-o.executable"; includeInIndex = 0; path = Solver; sourceTree = BUILT_PRODUCTS_DIR; };
		B96C709027088496001DAEF8 /* main.swift */ = {isa = PBXFileReference; lastKnownFileType = sourcecode.swift; path = main.swift; sourceTree = "<group>"; };
		B96C709B2708C46A001DAEF8 /* Pieces.swift */ = {isa = PBXFileReference; lastKnownFileType = sourcecode.swift; path = Pieces.swift; sourceTree = "<group>"; };
		B96C709D2708C4B6001DAEF8 /* Orientation.swift */ = {isa = PBXFileReference; lastKnownFileType = sourcecode.swift; path = Orientation.swift; sourceTree = "<group>"; };
		B96C709F2708C4D9001DAEF8 /* PieceOrientation.swift */ = {isa = PBXFileReference; lastKnownFileType = sourcecode.swift; path = PieceOrientation.swift; sourceTree = "<group>"; };
		B96C70A12708C524001DAEF8 /* PiecePermutation.swift */ = {isa = PBXFileReference; lastKnownFileType = sourcecode.swift; path = PiecePermutation.swift; sourceTree = "<group>"; };
		B96C70A32708C53E001DAEF8 /* CubeTransformation.swift */ = {isa = PBXFileReference; lastKnownFileType = sourcecode.swift; path = CubeTransformation.swift; sourceTree = "<group>"; };
		B96E9BEC26E2755300A46A3B /* CubismApp.swift */ = {isa = PBXFileReference; lastKnownFileType = sourcecode.swift; path = CubismApp.swift; sourceTree = "<group>"; };
		B96E9BED26E2755300A46A3B /* ContentView.swift */ = {isa = PBXFileReference; lastKnownFileType = sourcecode.swift; path = ContentView.swift; sourceTree = "<group>"; };
		B96E9BEE26E2755600A46A3B /* Assets.xcassets */ = {isa = PBXFileReference; lastKnownFileType = folder.assetcatalog; path = Assets.xcassets; sourceTree = "<group>"; };
		B96E9BF326E2755600A46A3B /* Cubism.app */ = {isa = PBXFileReference; explicitFileType = wrapper.application; includeInIndex = 0; path = Cubism.app; sourceTree = BUILT_PRODUCTS_DIR; };
		B96E9BF926E2755600A46A3B /* Cubism.app */ = {isa = PBXFileReference; explicitFileType = wrapper.application; includeInIndex = 0; path = Cubism.app; sourceTree = BUILT_PRODUCTS_DIR; };
		B96E9C0E26E2883600A46A3B /* TimerScreen.swift */ = {isa = PBXFileReference; lastKnownFileType = sourcecode.swift; path = TimerScreen.swift; sourceTree = "<group>"; };
		B96FEAA4277E9526008AD165 /* PrettyPrinting.swift */ = {isa = PBXFileReference; lastKnownFileType = sourcecode.swift; path = PrettyPrinting.swift; sourceTree = "<group>"; };
		B979C24D28537E7100C60455 /* Cubism (iOS).entitlements */ = {isa = PBXFileReference; lastKnownFileType = text.plist.entitlements; path = "Cubism (iOS).entitlements"; sourceTree = "<group>"; };
		B979C24E2853A32E00C60455 /* Algorithm+Transform.swift */ = {isa = PBXFileReference; lastKnownFileType = sourcecode.swift; path = "Algorithm+Transform.swift"; sourceTree = "<group>"; };
		B984D7F427C801EC00BEDC7D /* OrderedEdgeSubsetCoordinates.swift */ = {isa = PBXFileReference; lastKnownFileType = sourcecode.swift; path = OrderedEdgeSubsetCoordinates.swift; sourceTree = "<group>"; };
		B9855C1826EDA53E006764BD /* MoveSequenceView.swift */ = {isa = PBXFileReference; lastKnownFileType = sourcecode.swift; path = MoveSequenceView.swift; sourceTree = "<group>"; };
		B988476526E5732200E19911 /* OLLAlgorithms.swift */ = {isa = PBXFileReference; lastKnownFileType = sourcecode.swift; path = OLLAlgorithms.swift; sourceTree = "<group>"; };
		B988476726E5737500E19911 /* PLLAlgorithms.swift */ = {isa = PBXFileReference; lastKnownFileType = sourcecode.swift; path = PLLAlgorithms.swift; sourceTree = "<group>"; };
		B988476926E5738D00E19911 /* MiscAlgorithms.swift */ = {isa = PBXFileReference; lastKnownFileType = sourcecode.swift; path = MiscAlgorithms.swift; sourceTree = "<group>"; };
		B994B158285BF67F006AD912 /* TrainerScreen.swift */ = {isa = PBXFileReference; lastKnownFileType = sourcecode.swift; path = TrainerScreen.swift; sourceTree = "<group>"; };
		B9A11F522852ABED00599719 /* CubeTransformation+Standard.swift */ = {isa = PBXFileReference; lastKnownFileType = sourcecode.swift; path = "CubeTransformation+Standard.swift"; sourceTree = "<group>"; };
		B9A2962A26E43453005C59D1 /* NotationParser.swift */ = {isa = PBXFileReference; lastKnownFileType = sourcecode.swift; path = NotationParser.swift; sourceTree = "<group>"; };
		B9A2962C26E4346D005C59D1 /* CubeConfiguration.swift */ = {isa = PBXFileReference; lastKnownFileType = sourcecode.swift; path = CubeConfiguration.swift; sourceTree = "<group>"; };
		B9A2962E26E43495005C59D1 /* Notation.swift */ = {isa = PBXFileReference; lastKnownFileType = sourcecode.swift; path = Notation.swift; sourceTree = "<group>"; };
		B9A2963026E434C4005C59D1 /* BaseAlgorithms.swift */ = {isa = PBXFileReference; lastKnownFileType = sourcecode.swift; path = BaseAlgorithms.swift; sourceTree = "<group>"; };
		B9ABB6F82A2E1568004D345D /* SwiftUI+Contrast.swift */ = {isa = PBXFileReference; lastKnownFileType = sourcecode.swift; path = "SwiftUI+Contrast.swift"; sourceTree = "<group>"; };
		B9ABB6FC2A2FCA92004D345D /* SettingsScreen.swift */ = {isa = PBXFileReference; lastKnownFileType = sourcecode.swift; path = SettingsScreen.swift; sourceTree = "<group>"; };
		B9ABB6FF2A30D728004D345D /* AppSettings.swift */ = {isa = PBXFileReference; lastKnownFileType = sourcecode.swift; path = AppSettings.swift; sourceTree = "<group>"; };
		B9ABDAAA27BDD7C700C7D65B /* CubeTransformation+Random.swift */ = {isa = PBXFileReference; lastKnownFileType = sourcecode.swift; path = "CubeTransformation+Random.swift"; sourceTree = "<group>"; };
		B9AEB7D927B17C950090A203 /* PruningTable.swift */ = {isa = PBXFileReference; lastKnownFileType = sourcecode.swift; path = PruningTable.swift; sourceTree = "<group>"; };
		B9AEB7FF27B1B7500090A203 /* Solver.entitlements */ = {isa = PBXFileReference; lastKnownFileType = text.plist.entitlements; path = Solver.entitlements; sourceTree = "<group>"; };
		B9AEB80027B1B7C70090A203 /* Info.plist */ = {isa = PBXFileReference; lastKnownFileType = text.plist.xml; path = Info.plist; sourceTree = "<group>"; };
		B9AEB80127B1BD990090A203 /* Solver.swift */ = {isa = PBXFileReference; lastKnownFileType = sourcecode.swift; path = Solver.swift; sourceTree = "<group>"; };
		B9B47D1927B37E2400EECC6F /* MoveTable+Cache.swift */ = {isa = PBXFileReference; lastKnownFileType = sourcecode.swift; path = "MoveTable+Cache.swift"; sourceTree = "<group>"; };
		B9B47D1D27B4078600EECC6F /* Data+Compression.swift */ = {isa = PBXFileReference; lastKnownFileType = sourcecode.swift; path = "Data+Compression.swift"; sourceTree = "<group>"; };
		B9BA895628BAF9D400B3462A /* AddVariantSheet.swift */ = {isa = PBXFileReference; lastKnownFileType = sourcecode.swift; path = AddVariantSheet.swift; sourceTree = "<group>"; };
		B9CF259226E2DF6C00E14E94 /* TimerResult.swift */ = {isa = PBXFileReference; lastKnownFileType = sourcecode.swift; path = TimerResult.swift; sourceTree = "<group>"; };
		B9CF259526E2DF9E00E14E94 /* TimeFormatting.swift */ = {isa = PBXFileReference; lastKnownFileType = sourcecode.swift; path = TimeFormatting.swift; sourceTree = "<group>"; };
		B9CF259826E2DFDA00E14E94 /* Stopwatch.swift */ = {isa = PBXFileReference; lastKnownFileType = sourcecode.swift; path = Stopwatch.swift; sourceTree = "<group>"; };
		B9CF259B26E2E04D00E14E94 /* SwiftUI+Helpers.swift */ = {isa = PBXFileReference; lastKnownFileType = sourcecode.swift; path = "SwiftUI+Helpers.swift"; sourceTree = "<group>"; };
		B9D5CEF4277A857800A6DBE0 /* BigCubeAlgorithms.swift */ = {isa = PBXFileReference; lastKnownFileType = sourcecode.swift; path = BigCubeAlgorithms.swift; sourceTree = "<group>"; };
		B9D8429026E44F60007D5533 /* CubeConfigurationDiagram.swift */ = {isa = PBXFileReference; lastKnownFileType = sourcecode.swift; path = CubeConfigurationDiagram.swift; sourceTree = "<group>"; };
		B9DE914026F292F200DE0E29 /* Colors.swift */ = {isa = PBXFileReference; lastKnownFileType = sourcecode.swift; path = Colors.swift; sourceTree = "<group>"; };
		B9EC07F32713CF2500CAC7BE /* Swift+Helpers.swift */ = {isa = PBXFileReference; lastKnownFileType = sourcecode.swift; path = "Swift+Helpers.swift"; sourceTree = "<group>"; };
		B9EC07F62715022B00CAC7BE /* MoveTable.swift */ = {isa = PBXFileReference; lastKnownFileType = sourcecode.swift; path = MoveTable.swift; sourceTree = "<group>"; };
		B9F3C91F270CE9E7002FBEBD /* Coordinate.swift */ = {isa = PBXFileReference; lastKnownFileType = sourcecode.swift; path = Coordinate.swift; sourceTree = "<group>"; };
		B9F5E6B326EA4DA100652979 /* AlgorithmCustomization.swift */ = {isa = PBXFileReference; lastKnownFileType = sourcecode.swift; path = AlgorithmCustomization.swift; sourceTree = "<group>"; };
/* End PBXFileReference section */

/* Begin PBXFrameworksBuildPhase section */
		B96C708B27088495001DAEF8 /* Frameworks */ = {
			isa = PBXFrameworksBuildPhase;
			buildActionMask = 2147483647;
			files = (
				B96C70AC27091CB2001DAEF8 /* Algorithms in Frameworks */,
				B96C7098270885AB001DAEF8 /* ArrayBuilder in Frameworks */,
				B91526032715324A00E8B031 /* Collections in Frameworks */,
				B9A11F582852B89000599719 /* SimpleParser in Frameworks */,
				B96C70A62708EAF3001DAEF8 /* HandyOperators in Frameworks */,
			);
			runOnlyForDeploymentPostprocessing = 0;
		};
		B96E9BF026E2755600A46A3B /* Frameworks */ = {
			isa = PBXFrameworksBuildPhase;
			buildActionMask = 2147483647;
			files = (
				B91526012715322A00E8B031 /* Collections in Frameworks */,
				B9855C1F26EE2AB5006764BD /* Algorithms in Frameworks */,
				B92A59D626E46B64002AC260 /* CGeometry in Frameworks */,
				B9D5CEF2277A833500A6DBE0 /* SimpleParser in Frameworks */,
				B96E9C0D26E2867800A46A3B /* ArrayBuilder in Frameworks */,
				B96E9C0A26E27A4C00A46A3B /* HandyOperators in Frameworks */,
				B96E9C1326E2992D00A46A3B /* UserDefault in Frameworks */,
				B9855C1C26EE2848006764BD /* SwiftUIMissingPieces in Frameworks */,
			);
			runOnlyForDeploymentPostprocessing = 0;
		};
		B96E9BF626E2755600A46A3B /* Frameworks */ = {
			isa = PBXFrameworksBuildPhase;
			buildActionMask = 2147483647;
			files = (
			);
			runOnlyForDeploymentPostprocessing = 0;
		};
/* End PBXFrameworksBuildPhase section */

/* Begin PBXGroup section */
		B93F8C122783A68300909080 /* Coordinates */ = {
			isa = PBXGroup;
			children = (
				B9F3C91F270CE9E7002FBEBD /* Coordinate.swift */,
				B93F8C082783A39500909080 /* DirectCoordinates.swift */,
				B93F8C132783AA8800909080 /* UDSliceCoordinate.swift */,
				B93F8C152783AB0E00909080 /* EdgePermutationCoordinates.swift */,
				B93F8C0C2783A4F300909080 /* ComposedCoordinates.swift */,
				B93F8C102783A63C00909080 /* ReducedCoordinates.swift */,
				B984D7F427C801EC00BEDC7D /* OrderedEdgeSubsetCoordinates.swift */,
			);
			path = Coordinates;
			sourceTree = "<group>";
		};
		B96AB4CD26E3B31E003E38E4 /* Algorithms */ = {
			isa = PBXGroup;
			children = (
				B96AB4CE26E3B32D003E38E4 /* AlgorithmsScreen.swift */,
				B955EF9D26ED73C0008F65E3 /* AlgorithmDetailsView.swift */,
				B9BA895628BAF9D400B3462A /* AddVariantSheet.swift */,
				B9855C1826EDA53E006764BD /* MoveSequenceView.swift */,
				B9D8429026E44F60007D5533 /* CubeConfigurationDiagram.swift */,
				B9DE914026F292F200DE0E29 /* Colors.swift */,
			);
			path = Algorithms;
			sourceTree = "<group>";
		};
		B96C708F27088496001DAEF8 /* Solver */ = {
			isa = PBXGroup;
			children = (
				B96C709027088496001DAEF8 /* main.swift */,
				B9EC07F32713CF2500CAC7BE /* Swift+Helpers.swift */,
				B93F8C0A2783A42700909080 /* Timing.swift */,
				B96C709B2708C46A001DAEF8 /* Pieces.swift */,
				B93F8C172783B81200909080 /* Symmetry.swift */,
				B96C709D2708C4B6001DAEF8 /* Orientation.swift */,
				B96C709F2708C4D9001DAEF8 /* PieceOrientation.swift */,
				B96FEAA4277E9526008AD165 /* PrettyPrinting.swift */,
				B9EC07F62715022B00CAC7BE /* MoveTable.swift */,
				B9AEB7D927B17C950090A203 /* PruningTable.swift */,
				B9AEB80127B1BD990090A203 /* Solver.swift */,
				B96C57DA27133EE7006D4EEA /* TaggedPieces.swift */,
				B96C70A12708C524001DAEF8 /* PiecePermutation.swift */,
				B96C70A32708C53E001DAEF8 /* CubeTransformation.swift */,
				B9ABDAAA27BDD7C700C7D65B /* CubeTransformation+Random.swift */,
				B9A11F522852ABED00599719 /* CubeTransformation+Standard.swift */,
				B9B47D1927B37E2400EECC6F /* MoveTable+Cache.swift */,
				B93F8C122783A68300909080 /* Coordinates */,
				B9AEB80027B1B7C70090A203 /* Info.plist */,
				B9AEB7FF27B1B7500090A203 /* Solver.entitlements */,
				B9B47D1D27B4078600EECC6F /* Data+Compression.swift */,
			);
			path = Solver;
			sourceTree = "<group>";
		};
		B96C7096270885AB001DAEF8 /* Frameworks */ = {
			isa = PBXGroup;
			children = (
			);
			name = Frameworks;
			sourceTree = "<group>";
		};
		B96E9BE626E2755200A46A3B = {
			isa = PBXGroup;
			children = (
				B979C24D28537E7100C60455 /* Cubism (iOS).entitlements */,
				B96E9BEB26E2755300A46A3B /* Shared */,
				B96C708F27088496001DAEF8 /* Solver */,
				B96E9BF426E2755600A46A3B /* Products */,
				B96C7096270885AB001DAEF8 /* Frameworks */,
			);
			sourceTree = "<group>";
		};
		B96E9BEB26E2755300A46A3B /* Shared */ = {
			isa = PBXGroup;
			children = (
				B96E9BEC26E2755300A46A3B /* CubismApp.swift */,
				B96E9BED26E2755300A46A3B /* ContentView.swift */,
				B9CF259126E2DF5700E14E94 /* Timer */,
				B96AB4CD26E3B31E003E38E4 /* Algorithms */,
				B994B157285BF672006AD912 /* Trainer */,
				B9ABB6FB2A2FCA84004D345D /* Settings */,
				B9A2963226E434ED005C59D1 /* Model */,
				B96E9C1426E2D82700A46A3B /* Helpers */,
				B96E9BEE26E2755600A46A3B /* Assets.xcassets */,
			);
			path = Shared;
			sourceTree = "<group>";
		};
		B96E9BF426E2755600A46A3B /* Products */ = {
			isa = PBXGroup;
			children = (
				B96E9BF326E2755600A46A3B /* Cubism.app */,
				B96E9BF926E2755600A46A3B /* Cubism.app */,
				B96C708E27088495001DAEF8 /* Solver */,
			);
			name = Products;
			sourceTree = "<group>";
		};
		B96E9C1426E2D82700A46A3B /* Helpers */ = {
			isa = PBXGroup;
			children = (
				B9CF259526E2DF9E00E14E94 /* TimeFormatting.swift */,
				B9CF259B26E2E04D00E14E94 /* SwiftUI+Helpers.swift */,
				B9ABB6F82A2E1568004D345D /* SwiftUI+Contrast.swift */,
			);
			path = Helpers;
			sourceTree = "<group>";
		};
		B988476426E572D800E19911 /* Base Algorithms */ = {
			isa = PBXGroup;
			children = (
				B9A2963026E434C4005C59D1 /* BaseAlgorithms.swift */,
				B988476526E5732200E19911 /* OLLAlgorithms.swift */,
				B988476726E5737500E19911 /* PLLAlgorithms.swift */,
				B988476926E5738D00E19911 /* MiscAlgorithms.swift */,
				B9D5CEF4277A857800A6DBE0 /* BigCubeAlgorithms.swift */,
			);
			path = "Base Algorithms";
			sourceTree = "<group>";
		};
		B994B157285BF672006AD912 /* Trainer */ = {
			isa = PBXGroup;
			children = (
				B994B158285BF67F006AD912 /* TrainerScreen.swift */,
			);
			path = Trainer;
			sourceTree = "<group>";
		};
		B9A2963226E434ED005C59D1 /* Model */ = {
			isa = PBXGroup;
			children = (
				B96AB4D026E3B358003E38E4 /* Algorithm.swift */,
				B979C24E2853A32E00C60455 /* Algorithm+Transform.swift */,
				B9A2962C26E4346D005C59D1 /* CubeConfiguration.swift */,
				B988476426E572D800E19911 /* Base Algorithms */,
				B9A2962E26E43495005C59D1 /* Notation.swift */,
				B9A2962A26E43453005C59D1 /* NotationParser.swift */,
				B9F5E6B326EA4DA100652979 /* AlgorithmCustomization.swift */,
				B9ABB6FF2A30D728004D345D /* AppSettings.swift */,
			);
			path = Model;
			sourceTree = "<group>";
		};
		B9ABB6FB2A2FCA84004D345D /* Settings */ = {
			isa = PBXGroup;
			children = (
				B9ABB6FC2A2FCA92004D345D /* SettingsScreen.swift */,
			);
			path = Settings;
			sourceTree = "<group>";
		};
		B9CF259126E2DF5700E14E94 /* Timer */ = {
			isa = PBXGroup;
			children = (
				B96E9C0E26E2883600A46A3B /* TimerScreen.swift */,
				B9CF259226E2DF6C00E14E94 /* TimerResult.swift */,
				B9CF259826E2DFDA00E14E94 /* Stopwatch.swift */,
			);
			path = Timer;
			sourceTree = "<group>";
		};
/* End PBXGroup section */

/* Begin PBXNativeTarget section */
		B96C708D27088495001DAEF8 /* Solver */ = {
			isa = PBXNativeTarget;
			buildConfigurationList = B96C709427088496001DAEF8 /* Build configuration list for PBXNativeTarget "Solver" */;
			buildPhases = (
				B96C708A27088495001DAEF8 /* Sources */,
				B96C708B27088495001DAEF8 /* Frameworks */,
				B96C708C27088495001DAEF8 /* CopyFiles */,
			);
			buildRules = (
			);
			dependencies = (
			);
			name = Solver;
			packageProductDependencies = (
				B96C7097270885AB001DAEF8 /* ArrayBuilder */,
				B96C70A52708EAF3001DAEF8 /* HandyOperators */,
				B96C70AB27091CB2001DAEF8 /* Algorithms */,
				B91526022715324A00E8B031 /* Collections */,
				B9A11F572852B89000599719 /* SimpleParser */,
			);
			productName = Solver;
			productReference = B96C708E27088495001DAEF8 /* Solver */;
			productType = "com.apple.product-type.tool";
		};
		B96E9BF226E2755600A46A3B /* Cubism (iOS) */ = {
			isa = PBXNativeTarget;
			buildConfigurationList = B96E9C0226E2755600A46A3B /* Build configuration list for PBXNativeTarget "Cubism (iOS)" */;
			buildPhases = (
				B96E9BEF26E2755600A46A3B /* Sources */,
				B96E9BF026E2755600A46A3B /* Frameworks */,
				B96E9BF126E2755600A46A3B /* Resources */,
			);
			buildRules = (
			);
			dependencies = (
			);
			name = "Cubism (iOS)";
			packageProductDependencies = (
				B96E9C0926E27A4C00A46A3B /* HandyOperators */,
				B96E9C0C26E2867800A46A3B /* ArrayBuilder */,
				B96E9C1226E2992D00A46A3B /* UserDefault */,
				B92A59D526E46B64002AC260 /* CGeometry */,
				B9855C1B26EE2848006764BD /* SwiftUIMissingPieces */,
				B9855C1E26EE2AB5006764BD /* Algorithms */,
				B91526002715322A00E8B031 /* Collections */,
				B9D5CEF1277A833500A6DBE0 /* SimpleParser */,
			);
			productName = "Cubism (iOS)";
			productReference = B96E9BF326E2755600A46A3B /* Cubism.app */;
			productType = "com.apple.product-type.application";
		};
		B96E9BF826E2755600A46A3B /* Cubism (macOS) */ = {
			isa = PBXNativeTarget;
			buildConfigurationList = B96E9C0526E2755600A46A3B /* Build configuration list for PBXNativeTarget "Cubism (macOS)" */;
			buildPhases = (
				B96E9BF526E2755600A46A3B /* Sources */,
				B96E9BF626E2755600A46A3B /* Frameworks */,
				B96E9BF726E2755600A46A3B /* Resources */,
			);
			buildRules = (
			);
			dependencies = (
			);
			name = "Cubism (macOS)";
			productName = "Cubism (macOS)";
			productReference = B96E9BF926E2755600A46A3B /* Cubism.app */;
			productType = "com.apple.product-type.application";
		};
/* End PBXNativeTarget section */

/* Begin PBXProject section */
		B96E9BE726E2755200A46A3B /* Project object */ = {
			isa = PBXProject;
			attributes = {
				BuildIndependentTargetsInParallel = 1;
				LastSwiftUpdateCheck = 1300;
				LastUpgradeCheck = 1400;
				TargetAttributes = {
					B96C708D27088495001DAEF8 = {
						CreatedOnToolsVersion = 13.0;
					};
					B96E9BF226E2755600A46A3B = {
						CreatedOnToolsVersion = 13.0;
					};
					B96E9BF826E2755600A46A3B = {
						CreatedOnToolsVersion = 13.0;
					};
				};
			};
			buildConfigurationList = B96E9BEA26E2755200A46A3B /* Build configuration list for PBXProject "Cubism" */;
			compatibilityVersion = "Xcode 13.0";
			developmentRegion = en;
			hasScannedForEncodings = 0;
			knownRegions = (
				en,
				Base,
			);
			mainGroup = B96E9BE626E2755200A46A3B;
			packageReferences = (
				B96E9C0826E27A4C00A46A3B /* XCRemoteSwiftPackageReference "HandyOperators" */,
				B96E9C0B26E2867800A46A3B /* XCRemoteSwiftPackageReference "ArrayBuilder" */,
				B96E9C1126E2992D00A46A3B /* XCRemoteSwiftPackageReference "UserDefault" */,
				B92A59D426E46B64002AC260 /* XCRemoteSwiftPackageReference "CGeometry" */,
				B9855C1A26EE2848006764BD /* XCRemoteSwiftPackageReference "SwifUI-Missing-Pieces" */,
				B9855C1D26EE2AB5006764BD /* XCRemoteSwiftPackageReference "swift-algorithms" */,
				B91525FF2715322A00E8B031 /* XCRemoteSwiftPackageReference "swift-collections" */,
				B9D5CEF0277A833500A6DBE0 /* XCRemoteSwiftPackageReference "SimpleParser" */,
			);
			productRefGroup = B96E9BF426E2755600A46A3B /* Products */;
			projectDirPath = "";
			projectRoot = "";
			targets = (
				B96E9BF226E2755600A46A3B /* Cubism (iOS) */,
				B96E9BF826E2755600A46A3B /* Cubism (macOS) */,
				B96C708D27088495001DAEF8 /* Solver */,
			);
		};
/* End PBXProject section */

/* Begin PBXResourcesBuildPhase section */
		B96E9BF126E2755600A46A3B /* Resources */ = {
			isa = PBXResourcesBuildPhase;
			buildActionMask = 2147483647;
			files = (
				B96E9BFE26E2755600A46A3B /* Assets.xcassets in Resources */,
			);
			runOnlyForDeploymentPostprocessing = 0;
		};
		B96E9BF726E2755600A46A3B /* Resources */ = {
			isa = PBXResourcesBuildPhase;
			buildActionMask = 2147483647;
			files = (
				B96E9BFF26E2755600A46A3B /* Assets.xcassets in Resources */,
			);
			runOnlyForDeploymentPostprocessing = 0;
		};
/* End PBXResourcesBuildPhase section */

/* Begin PBXSourcesBuildPhase section */
		B96C708A27088495001DAEF8 /* Sources */ = {
			isa = PBXSourcesBuildPhase;
			buildActionMask = 2147483647;
			files = (
				B93F8C162783AB0E00909080 /* EdgePermutationCoordinates.swift in Sources */,
				B93F8C0D2783A4F300909080 /* ComposedCoordinates.swift in Sources */,
				B9A11F532852ABED00599719 /* CubeTransformation+Standard.swift in Sources */,
				B96C709C2708C46A001DAEF8 /* Pieces.swift in Sources */,
				B979C2502853A32E00C60455 /* Algorithm+Transform.swift in Sources */,
				B9EC07F42713CF2500CAC7BE /* Swift+Helpers.swift in Sources */,
				B984D7F527C801EC00BEDC7D /* OrderedEdgeSubsetCoordinates.swift in Sources */,
				B96C709E2708C4B6001DAEF8 /* Orientation.swift in Sources */,
				B96C7099270885BA001DAEF8 /* CubeConfiguration.swift in Sources */,
				B96C709A270885CC001DAEF8 /* Notation.swift in Sources */,
				B9B47D1A27B37E2400EECC6F /* MoveTable+Cache.swift in Sources */,
				B96C70A827090EE3001DAEF8 /* PieceOrientation.swift in Sources */,
				B9AEB7DA27B17C950090A203 /* PruningTable.swift in Sources */,
				B9D4316C27D5731D00119952 /* main.swift in Sources */,
				B96C70AA270910D7001DAEF8 /* CubeTransformation.swift in Sources */,
				B93F8C182783B81200909080 /* Symmetry.swift in Sources */,
				B96C7095270884DB001DAEF8 /* Algorithm.swift in Sources */,
				B96C57DB27133EE7006D4EEA /* TaggedPieces.swift in Sources */,
				B9A11F562852B82400599719 /* NotationParser.swift in Sources */,
				B96FEAA5277E9526008AD165 /* PrettyPrinting.swift in Sources */,
				B93F8C112783A63C00909080 /* ReducedCoordinates.swift in Sources */,
				B9EC07F72715022B00CAC7BE /* MoveTable.swift in Sources */,
				B9ABDAAB27BDD7C700C7D65B /* CubeTransformation+Random.swift in Sources */,
				B96C70A927090F6C001DAEF8 /* PiecePermutation.swift in Sources */,
				B93F8C092783A39500909080 /* DirectCoordinates.swift in Sources */,
				B9F3C920270CE9E7002FBEBD /* Coordinate.swift in Sources */,
				B9AEB80227B1BD990090A203 /* Solver.swift in Sources */,
				B93F8C0B2783A42700909080 /* Timing.swift in Sources */,
				B9B47D2027B4078600EECC6F /* Data+Compression.swift in Sources */,
				B93F8C142783AA8800909080 /* UDSliceCoordinate.swift in Sources */,
			);
			runOnlyForDeploymentPostprocessing = 0;
		};
		B96E9BEF26E2755600A46A3B /* Sources */ = {
			isa = PBXSourcesBuildPhase;
			buildActionMask = 2147483647;
			files = (
				B9AEB7EB27B17CDF0090A203 /* Pieces.swift in Sources */,
				B9CF259326E2DF6C00E14E94 /* TimerResult.swift in Sources */,
				B9DE914126F292F200DE0E29 /* Colors.swift in Sources */,
				B994B159285BF67F006AD912 /* TrainerScreen.swift in Sources */,
				B955EF9E26ED73C0008F65E3 /* AlgorithmDetailsView.swift in Sources */,
				B9AEB7E927B17CDF0090A203 /* UDSliceCoordinate.swift in Sources */,
				B9AEB7E327B17CDF0090A203 /* PieceOrientation.swift in Sources */,
				B9AEB7EA27B17CDF0090A203 /* ComposedCoordinates.swift in Sources */,
				B9AEB7DE27B17CDF0090A203 /* PruningTable.swift in Sources */,
				B9AEB7E527B17CDF0090A203 /* Symmetry.swift in Sources */,
				B9CF259C26E2E04D00E14E94 /* SwiftUI+Helpers.swift in Sources */,
				B9A2963126E434C4005C59D1 /* BaseAlgorithms.swift in Sources */,
				B988476826E5737500E19911 /* PLLAlgorithms.swift in Sources */,
				B9B47D1C27B37E2C00EECC6F /* MoveTable+Cache.swift in Sources */,
				B988476A26E5738D00E19911 /* MiscAlgorithms.swift in Sources */,
				B9A11F542852ABF400599719 /* CubeTransformation+Standard.swift in Sources */,
				B96E9BFC26E2755600A46A3B /* ContentView.swift in Sources */,
				B9AEB7E027B17CDF0090A203 /* DirectCoordinates.swift in Sources */,
				B9AEB7E727B17CDF0090A203 /* MoveTable.swift in Sources */,
				B9A2962D26E4346D005C59D1 /* CubeConfiguration.swift in Sources */,
				B9B47D1E27B4078600EECC6F /* Data+Compression.swift in Sources */,
				B9E8EB9A27C9B42400AB614B /* Solver.swift in Sources */,
				B9BA895728BAF9D400B3462A /* AddVariantSheet.swift in Sources */,
				B9855C1926EDA53E006764BD /* MoveSequenceView.swift in Sources */,
				B9AEB7DB27B17CDE0090A203 /* Coordinate.swift in Sources */,
				B9AEB7E827B17CDF0090A203 /* TaggedPieces.swift in Sources */,
				B9ABB7002A30D728004D345D /* AppSettings.swift in Sources */,
				B9AEB7DD27B17CDF0090A203 /* EdgePermutationCoordinates.swift in Sources */,
				B984D7F627C801F100BEDC7D /* OrderedEdgeSubsetCoordinates.swift in Sources */,
				B9ABB6FD2A2FCA92004D345D /* SettingsScreen.swift in Sources */,
				B9A2962B26E43453005C59D1 /* NotationParser.swift in Sources */,
				B9AEB7E427B17CDF0090A203 /* PrettyPrinting.swift in Sources */,
				B9AEB7E127B17CDF0090A203 /* Orientation.swift in Sources */,
				B96E9C0F26E2883600A46A3B /* TimerScreen.swift in Sources */,
				B9CF259626E2DF9E00E14E94 /* TimeFormatting.swift in Sources */,
				B9CF259926E2DFDA00E14E94 /* Stopwatch.swift in Sources */,
				B9AEB7E627B17CDF0090A203 /* Swift+Helpers.swift in Sources */,
				B979C24F2853A32E00C60455 /* Algorithm+Transform.swift in Sources */,
				B9A2962F26E43495005C59D1 /* Notation.swift in Sources */,
				B9D8429126E44F60007D5533 /* CubeConfigurationDiagram.swift in Sources */,
				B9AEB7E227B17CDF0090A203 /* CubeTransformation.swift in Sources */,
				B96E9BFA26E2755600A46A3B /* CubismApp.swift in Sources */,
				B96AB4CF26E3B32D003E38E4 /* AlgorithmsScreen.swift in Sources */,
				B9F5E6B426EA4DA100652979 /* AlgorithmCustomization.swift in Sources */,
				B9AEB7DF27B17CDF0090A203 /* Timing.swift in Sources */,
				B9AEB7DC27B17CDF0090A203 /* ReducedCoordinates.swift in Sources */,
				B96AB4D126E3B358003E38E4 /* Algorithm.swift in Sources */,
				B9ABB6F92A2E1568004D345D /* SwiftUI+Contrast.swift in Sources */,
				B988476626E5732200E19911 /* OLLAlgorithms.swift in Sources */,
				B9D5CEF5277A857800A6DBE0 /* BigCubeAlgorithms.swift in Sources */,
				B9E8EB9D27C9B43400AB614B /* CubeTransformation+Random.swift in Sources */,
				B9AEB7EC27B17CDF0090A203 /* PiecePermutation.swift in Sources */,
			);
			runOnlyForDeploymentPostprocessing = 0;
		};
		B96E9BF526E2755600A46A3B /* Sources */ = {
			isa = PBXSourcesBuildPhase;
			buildActionMask = 2147483647;
			files = (
				B9B47D1F27B4078600EECC6F /* Data+Compression.swift in Sources */,
				B9AEB7FD27B17CDF0090A203 /* Pieces.swift in Sources */,
				B9AEB7F027B17CDF0090A203 /* PruningTable.swift in Sources */,
				B9AEB7F327B17CDF0090A203 /* Orientation.swift in Sources */,
				B9E8EB9C27C9B43400AB614B /* CubeTransformation+Random.swift in Sources */,
				B9AEB7F727B17CDF0090A203 /* Symmetry.swift in Sources */,
				B9CF259426E2DF6C00E14E94 /* TimerResult.swift in Sources */,
				B9ABB6FE2A2FCA92004D345D /* SettingsScreen.swift in Sources */,
				B9AEB7EF27B17CDF0090A203 /* EdgePermutationCoordinates.swift in Sources */,
				B9CF259D26E2E04D00E14E94 /* SwiftUI+Helpers.swift in Sources */,
				B9AEB7F127B17CDF0090A203 /* Timing.swift in Sources */,
				B9A11F552852ABF500599719 /* CubeTransformation+Standard.swift in Sources */,
				B9AEB7FA27B17CDF0090A203 /* TaggedPieces.swift in Sources */,
				B96E9BFD26E2755600A46A3B /* ContentView.swift in Sources */,
				B96E9C1026E2883600A46A3B /* TimerScreen.swift in Sources */,
				B9AEB7F427B17CDF0090A203 /* CubeTransformation.swift in Sources */,
				B9ABB7012A30D728004D345D /* AppSettings.swift in Sources */,
				B9B47D1B27B37E2C00EECC6F /* MoveTable+Cache.swift in Sources */,
				B9AEB7F227B17CDF0090A203 /* DirectCoordinates.swift in Sources */,
				B9AEB7ED27B17CDF0090A203 /* Coordinate.swift in Sources */,
				B9AEB7FE27B17CDF0090A203 /* PiecePermutation.swift in Sources */,
				B9AEB7F827B17CDF0090A203 /* Swift+Helpers.swift in Sources */,
				B9AEB7F527B17CDF0090A203 /* PieceOrientation.swift in Sources */,
				B9ABB6FA2A2E1568004D345D /* SwiftUI+Contrast.swift in Sources */,
				B9E8EB9B27C9B42500AB614B /* Solver.swift in Sources */,
				B9AEB7EE27B17CDF0090A203 /* ReducedCoordinates.swift in Sources */,
				B9AEB7FC27B17CDF0090A203 /* ComposedCoordinates.swift in Sources */,
				B9AEB7FB27B17CDF0090A203 /* UDSliceCoordinate.swift in Sources */,
				B9AEB7F627B17CDF0090A203 /* PrettyPrinting.swift in Sources */,
				B984D7F727C801F100BEDC7D /* OrderedEdgeSubsetCoordinates.swift in Sources */,
				B9CF259726E2DF9E00E14E94 /* TimeFormatting.swift in Sources */,
				B9CF259A26E2DFDA00E14E94 /* Stopwatch.swift in Sources */,
				B9AEB7F927B17CDF0090A203 /* MoveTable.swift in Sources */,
				B96E9BFB26E2755600A46A3B /* CubismApp.swift in Sources */,
			);
			runOnlyForDeploymentPostprocessing = 0;
		};
/* End PBXSourcesBuildPhase section */

/* Begin XCBuildConfiguration section */
		B96C709227088496001DAEF8 /* Debug */ = {
			isa = XCBuildConfiguration;
			buildSettings = {
				CODE_SIGN_ENTITLEMENTS = Solver/Solver.entitlements;
				CODE_SIGN_IDENTITY = "-";
				CODE_SIGN_STYLE = Automatic;
				CREATE_INFOPLIST_SECTION_IN_BINARY = YES;
				CURRENT_PROJECT_VERSION = 1;
				DEAD_CODE_STRIPPING = YES;
				DEVELOPMENT_TEAM = V2EPDFA9PV;
				ENABLE_HARDENED_RUNTIME = YES;
				INFOPLIST_FILE = "$(SRCROOT)/Solver/Info.plist";
				MACOSX_DEPLOYMENT_TARGET = 11.3;
				MARKETING_VERSION = 1.0;
				OTHER_SWIFT_FLAGS = "-Xfrontend -warn-long-expression-type-checking=1000 -Xfrontend -warn-long-function-bodies=1000";
				PRODUCT_BUNDLE_IDENTIFIER = juliand665.Cubism.Solver;
				PRODUCT_NAME = "$(TARGET_NAME)";
				SDKROOT = macosx;
				SWIFT_VERSION = 5.0;
			};
			name = Debug;
		};
		B96C709327088496001DAEF8 /* Release */ = {
			isa = XCBuildConfiguration;
			buildSettings = {
				CODE_SIGN_ENTITLEMENTS = Solver/Solver.entitlements;
				CODE_SIGN_IDENTITY = "-";
				CODE_SIGN_STYLE = Automatic;
				CREATE_INFOPLIST_SECTION_IN_BINARY = YES;
				CURRENT_PROJECT_VERSION = 1;
				DEAD_CODE_STRIPPING = YES;
				DEVELOPMENT_TEAM = V2EPDFA9PV;
				ENABLE_HARDENED_RUNTIME = YES;
				INFOPLIST_FILE = "$(SRCROOT)/Solver/Info.plist";
				MACOSX_DEPLOYMENT_TARGET = 11.3;
				MARKETING_VERSION = 1.0;
				PRODUCT_BUNDLE_IDENTIFIER = juliand665.Cubism.Solver;
				PRODUCT_NAME = "$(TARGET_NAME)";
				SDKROOT = macosx;
				SWIFT_VERSION = 5.0;
			};
			name = Release;
		};
		B96E9C0026E2755600A46A3B /* Debug */ = {
			isa = XCBuildConfiguration;
			buildSettings = {
				ALWAYS_SEARCH_USER_PATHS = NO;
				CLANG_ANALYZER_NONNULL = YES;
				CLANG_ANALYZER_NUMBER_OBJECT_CONVERSION = YES_AGGRESSIVE;
				CLANG_CXX_LANGUAGE_STANDARD = "gnu++17";
				CLANG_CXX_LIBRARY = "libc++";
				CLANG_ENABLE_MODULES = YES;
				CLANG_ENABLE_OBJC_ARC = YES;
				CLANG_ENABLE_OBJC_WEAK = YES;
				CLANG_WARN_BLOCK_CAPTURE_AUTORELEASING = YES;
				CLANG_WARN_BOOL_CONVERSION = YES;
				CLANG_WARN_COMMA = YES;
				CLANG_WARN_CONSTANT_CONVERSION = YES;
				CLANG_WARN_DEPRECATED_OBJC_IMPLEMENTATIONS = YES;
				CLANG_WARN_DIRECT_OBJC_ISA_USAGE = YES_ERROR;
				CLANG_WARN_DOCUMENTATION_COMMENTS = YES;
				CLANG_WARN_EMPTY_BODY = YES;
				CLANG_WARN_ENUM_CONVERSION = YES;
				CLANG_WARN_INFINITE_RECURSION = YES;
				CLANG_WARN_INT_CONVERSION = YES;
				CLANG_WARN_NON_LITERAL_NULL_CONVERSION = YES;
				CLANG_WARN_OBJC_IMPLICIT_RETAIN_SELF = YES;
				CLANG_WARN_OBJC_LITERAL_CONVERSION = YES;
				CLANG_WARN_OBJC_ROOT_CLASS = YES_ERROR;
				CLANG_WARN_QUOTED_INCLUDE_IN_FRAMEWORK_HEADER = YES;
				CLANG_WARN_RANGE_LOOP_ANALYSIS = YES;
				CLANG_WARN_STRICT_PROTOTYPES = YES;
				CLANG_WARN_SUSPICIOUS_MOVE = YES;
				CLANG_WARN_UNGUARDED_AVAILABILITY = YES_AGGRESSIVE;
				CLANG_WARN_UNREACHABLE_CODE = YES;
				CLANG_WARN__DUPLICATE_METHOD_MATCH = YES;
				COPY_PHASE_STRIP = NO;
				DEAD_CODE_STRIPPING = YES;
				DEBUG_INFORMATION_FORMAT = dwarf;
				ENABLE_STRICT_OBJC_MSGSEND = YES;
				ENABLE_TESTABILITY = YES;
				GCC_C_LANGUAGE_STANDARD = gnu11;
				GCC_DYNAMIC_NO_PIC = NO;
				GCC_NO_COMMON_BLOCKS = YES;
				GCC_OPTIMIZATION_LEVEL = 0;
				GCC_PREPROCESSOR_DEFINITIONS = (
					"DEBUG=1",
					"$(inherited)",
				);
				GCC_WARN_64_TO_32_BIT_CONVERSION = YES;
				GCC_WARN_ABOUT_RETURN_TYPE = YES_ERROR;
				GCC_WARN_UNDECLARED_SELECTOR = YES;
				GCC_WARN_UNINITIALIZED_AUTOS = YES_AGGRESSIVE;
				GCC_WARN_UNUSED_FUNCTION = YES;
				GCC_WARN_UNUSED_VARIABLE = YES;
				MTL_ENABLE_DEBUG_INFO = INCLUDE_SOURCE;
				MTL_FAST_MATH = YES;
				ONLY_ACTIVE_ARCH = YES;
				SWIFT_ACTIVE_COMPILATION_CONDITIONS = DEBUG;
				SWIFT_OPTIMIZATION_LEVEL = "-Onone";
			};
			name = Debug;
		};
		B96E9C0126E2755600A46A3B /* Release */ = {
			isa = XCBuildConfiguration;
			buildSettings = {
				ALWAYS_SEARCH_USER_PATHS = NO;
				CLANG_ANALYZER_NONNULL = YES;
				CLANG_ANALYZER_NUMBER_OBJECT_CONVERSION = YES_AGGRESSIVE;
				CLANG_CXX_LANGUAGE_STANDARD = "gnu++17";
				CLANG_CXX_LIBRARY = "libc++";
				CLANG_ENABLE_MODULES = YES;
				CLANG_ENABLE_OBJC_ARC = YES;
				CLANG_ENABLE_OBJC_WEAK = YES;
				CLANG_WARN_BLOCK_CAPTURE_AUTORELEASING = YES;
				CLANG_WARN_BOOL_CONVERSION = YES;
				CLANG_WARN_COMMA = YES;
				CLANG_WARN_CONSTANT_CONVERSION = YES;
				CLANG_WARN_DEPRECATED_OBJC_IMPLEMENTATIONS = YES;
				CLANG_WARN_DIRECT_OBJC_ISA_USAGE = YES_ERROR;
				CLANG_WARN_DOCUMENTATION_COMMENTS = YES;
				CLANG_WARN_EMPTY_BODY = YES;
				CLANG_WARN_ENUM_CONVERSION = YES;
				CLANG_WARN_INFINITE_RECURSION = YES;
				CLANG_WARN_INT_CONVERSION = YES;
				CLANG_WARN_NON_LITERAL_NULL_CONVERSION = YES;
				CLANG_WARN_OBJC_IMPLICIT_RETAIN_SELF = YES;
				CLANG_WARN_OBJC_LITERAL_CONVERSION = YES;
				CLANG_WARN_OBJC_ROOT_CLASS = YES_ERROR;
				CLANG_WARN_QUOTED_INCLUDE_IN_FRAMEWORK_HEADER = YES;
				CLANG_WARN_RANGE_LOOP_ANALYSIS = YES;
				CLANG_WARN_STRICT_PROTOTYPES = YES;
				CLANG_WARN_SUSPICIOUS_MOVE = YES;
				CLANG_WARN_UNGUARDED_AVAILABILITY = YES_AGGRESSIVE;
				CLANG_WARN_UNREACHABLE_CODE = YES;
				CLANG_WARN__DUPLICATE_METHOD_MATCH = YES;
				COPY_PHASE_STRIP = NO;
				DEAD_CODE_STRIPPING = YES;
				DEBUG_INFORMATION_FORMAT = "dwarf-with-dsym";
				ENABLE_NS_ASSERTIONS = NO;
				ENABLE_STRICT_OBJC_MSGSEND = YES;
				GCC_C_LANGUAGE_STANDARD = gnu11;
				GCC_NO_COMMON_BLOCKS = YES;
				GCC_WARN_64_TO_32_BIT_CONVERSION = YES;
				GCC_WARN_ABOUT_RETURN_TYPE = YES_ERROR;
				GCC_WARN_UNDECLARED_SELECTOR = YES;
				GCC_WARN_UNINITIALIZED_AUTOS = YES_AGGRESSIVE;
				GCC_WARN_UNUSED_FUNCTION = YES;
				GCC_WARN_UNUSED_VARIABLE = YES;
				MTL_ENABLE_DEBUG_INFO = NO;
				MTL_FAST_MATH = YES;
				SWIFT_COMPILATION_MODE = wholemodule;
				SWIFT_OPTIMIZATION_LEVEL = "-O";
			};
			name = Release;
		};
		B96E9C0326E2755600A46A3B /* Debug */ = {
			isa = XCBuildConfiguration;
			buildSettings = {
				ASSETCATALOG_COMPILER_APPICON_NAME = AppIcon;
				ASSETCATALOG_COMPILER_GLOBAL_ACCENT_COLOR_NAME = AccentColor;
				CODE_SIGN_ENTITLEMENTS = "Cubism (iOS).entitlements";
				CODE_SIGN_STYLE = Automatic;
				CURRENT_PROJECT_VERSION = 2;
				DEVELOPMENT_TEAM = V2EPDFA9PV;
				ENABLE_PREVIEWS = YES;
				GENERATE_INFOPLIST_FILE = YES;
				INFOPLIST_FILE = iOS/Info.plist;
				INFOPLIST_KEY_UIApplicationSceneManifest_Generation = YES;
				INFOPLIST_KEY_UIApplicationSupportsIndirectInputEvents = YES;
				INFOPLIST_KEY_UILaunchScreen_Generation = YES;
				INFOPLIST_KEY_UISupportedInterfaceOrientations_iPad = "UIInterfaceOrientationPortrait UIInterfaceOrientationPortraitUpsideDown UIInterfaceOrientationLandscapeLeft UIInterfaceOrientationLandscapeRight";
				INFOPLIST_KEY_UISupportedInterfaceOrientations_iPhone = "UIInterfaceOrientationPortrait UIInterfaceOrientationLandscapeLeft UIInterfaceOrientationLandscapeRight";
				IPHONEOS_DEPLOYMENT_TARGET = 16.0;
				LD_RUNPATH_SEARCH_PATHS = (
					"$(inherited)",
					"@executable_path/Frameworks",
				);
				MARKETING_VERSION = 1.0;
				OTHER_SWIFT_FLAGS = "-Xfrontend -warn-long-expression-type-checking=500 -Xfrontend -warn-long-function-bodies=500";
				PRODUCT_BUNDLE_IDENTIFIER = juliand665.Cubism;
				PRODUCT_NAME = Cubism;
				SDKROOT = iphoneos;
				SUPPORTED_PLATFORMS = "iphoneos iphonesimulator";
				SUPPORTS_MACCATALYST = YES;
				SUPPORTS_MAC_DESIGNED_FOR_IPHONE_IPAD = YES;
				SWIFT_EMIT_LOC_STRINGS = YES;
				SWIFT_VERSION = 5.0;
				TARGETED_DEVICE_FAMILY = "1,2";
			};
			name = Debug;
		};
		B96E9C0426E2755600A46A3B /* Release */ = {
			isa = XCBuildConfiguration;
			buildSettings = {
				ASSETCATALOG_COMPILER_APPICON_NAME = AppIcon;
				ASSETCATALOG_COMPILER_GLOBAL_ACCENT_COLOR_NAME = AccentColor;
				CODE_SIGN_ENTITLEMENTS = "Cubism (iOS).entitlements";
				CODE_SIGN_STYLE = Automatic;
				CURRENT_PROJECT_VERSION = 2;
				DEVELOPMENT_TEAM = V2EPDFA9PV;
				ENABLE_PREVIEWS = YES;
				GENERATE_INFOPLIST_FILE = YES;
				INFOPLIST_FILE = iOS/Info.plist;
				INFOPLIST_KEY_UIApplicationSceneManifest_Generation = YES;
				INFOPLIST_KEY_UIApplicationSupportsIndirectInputEvents = YES;
				INFOPLIST_KEY_UILaunchScreen_Generation = YES;
				INFOPLIST_KEY_UISupportedInterfaceOrientations_iPad = "UIInterfaceOrientationPortrait UIInterfaceOrientationPortraitUpsideDown UIInterfaceOrientationLandscapeLeft UIInterfaceOrientationLandscapeRight";
				INFOPLIST_KEY_UISupportedInterfaceOrientations_iPhone = "UIInterfaceOrientationPortrait UIInterfaceOrientationLandscapeLeft UIInterfaceOrientationLandscapeRight";
				IPHONEOS_DEPLOYMENT_TARGET = 16.0;
				LD_RUNPATH_SEARCH_PATHS = (
					"$(inherited)",
					"@executable_path/Frameworks",
				);
				MARKETING_VERSION = 1.0;
				PRODUCT_BUNDLE_IDENTIFIER = juliand665.Cubism;
				PRODUCT_NAME = Cubism;
				SDKROOT = iphoneos;
				SUPPORTED_PLATFORMS = "iphoneos iphonesimulator";
				SUPPORTS_MACCATALYST = YES;
				SUPPORTS_MAC_DESIGNED_FOR_IPHONE_IPAD = YES;
				SWIFT_EMIT_LOC_STRINGS = YES;
				SWIFT_VERSION = 5.0;
				TARGETED_DEVICE_FAMILY = "1,2";
				VALIDATE_PRODUCT = YES;
			};
			name = Release;
		};
		B96E9C0626E2755600A46A3B /* Debug */ = {
			isa = XCBuildConfiguration;
			buildSettings = {
				ASSETCATALOG_COMPILER_APPICON_NAME = AppIcon;
				ASSETCATALOG_COMPILER_GLOBAL_ACCENT_COLOR_NAME = AccentColor;
				CODE_SIGN_IDENTITY = "-";
				CODE_SIGN_STYLE = Automatic;
				COMBINE_HIDPI_IMAGES = YES;
				CURRENT_PROJECT_VERSION = 1;
				DEAD_CODE_STRIPPING = YES;
				DEVELOPMENT_TEAM = V2EPDFA9PV;
				ENABLE_APP_SANDBOX = YES;
				ENABLE_HARDENED_RUNTIME = YES;
				ENABLE_PREVIEWS = YES;
				ENABLE_USER_SELECTED_FILES = readonly;
				GENERATE_INFOPLIST_FILE = YES;
				INFOPLIST_KEY_NSHumanReadableCopyright = "";
				LD_RUNPATH_SEARCH_PATHS = (
					"$(inherited)",
					"@executable_path/../Frameworks",
				);
				MACOSX_DEPLOYMENT_TARGET = 11.0;
				MARKETING_VERSION = 1.0;
				PRODUCT_BUNDLE_IDENTIFIER = juliand665.Cubism;
				PRODUCT_NAME = Cubism;
				SDKROOT = macosx;
				SWIFT_EMIT_LOC_STRINGS = YES;
				SWIFT_VERSION = 5.0;
			};
			name = Debug;
		};
		B96E9C0726E2755600A46A3B /* Release */ = {
			isa = XCBuildConfiguration;
			buildSettings = {
				ASSETCATALOG_COMPILER_APPICON_NAME = AppIcon;
				ASSETCATALOG_COMPILER_GLOBAL_ACCENT_COLOR_NAME = AccentColor;
				CODE_SIGN_IDENTITY = "-";
				CODE_SIGN_STYLE = Automatic;
				COMBINE_HIDPI_IMAGES = YES;
				CURRENT_PROJECT_VERSION = 1;
				DEAD_CODE_STRIPPING = YES;
				DEVELOPMENT_TEAM = V2EPDFA9PV;
				ENABLE_APP_SANDBOX = YES;
				ENABLE_HARDENED_RUNTIME = YES;
				ENABLE_PREVIEWS = YES;
				ENABLE_USER_SELECTED_FILES = readonly;
				GENERATE_INFOPLIST_FILE = YES;
				INFOPLIST_KEY_NSHumanReadableCopyright = "";
				LD_RUNPATH_SEARCH_PATHS = (
					"$(inherited)",
					"@executable_path/../Frameworks",
				);
				MACOSX_DEPLOYMENT_TARGET = 11.0;
				MARKETING_VERSION = 1.0;
				PRODUCT_BUNDLE_IDENTIFIER = juliand665.Cubism;
				PRODUCT_NAME = Cubism;
				SDKROOT = macosx;
				SWIFT_EMIT_LOC_STRINGS = YES;
				SWIFT_VERSION = 5.0;
			};
			name = Release;
		};
/* End XCBuildConfiguration section */

/* Begin XCConfigurationList section */
		B96C709427088496001DAEF8 /* Build configuration list for PBXNativeTarget "Solver" */ = {
			isa = XCConfigurationList;
			buildConfigurations = (
				B96C709227088496001DAEF8 /* Debug */,
				B96C709327088496001DAEF8 /* Release */,
			);
			defaultConfigurationIsVisible = 0;
			defaultConfigurationName = Release;
		};
		B96E9BEA26E2755200A46A3B /* Build configuration list for PBXProject "Cubism" */ = {
			isa = XCConfigurationList;
			buildConfigurations = (
				B96E9C0026E2755600A46A3B /* Debug */,
				B96E9C0126E2755600A46A3B /* Release */,
			);
			defaultConfigurationIsVisible = 0;
			defaultConfigurationName = Release;
		};
		B96E9C0226E2755600A46A3B /* Build configuration list for PBXNativeTarget "Cubism (iOS)" */ = {
			isa = XCConfigurationList;
			buildConfigurations = (
				B96E9C0326E2755600A46A3B /* Debug */,
				B96E9C0426E2755600A46A3B /* Release */,
			);
			defaultConfigurationIsVisible = 0;
			defaultConfigurationName = Release;
		};
		B96E9C0526E2755600A46A3B /* Build configuration list for PBXNativeTarget "Cubism (macOS)" */ = {
			isa = XCConfigurationList;
			buildConfigurations = (
				B96E9C0626E2755600A46A3B /* Debug */,
				B96E9C0726E2755600A46A3B /* Release */,
			);
			defaultConfigurationIsVisible = 0;
			defaultConfigurationName = Release;
		};
/* End XCConfigurationList section */

/* Begin XCRemoteSwiftPackageReference section */
		B91525FF2715322A00E8B031 /* XCRemoteSwiftPackageReference "swift-collections" */ = {
			isa = XCRemoteSwiftPackageReference;
			repositoryURL = "https://github.com/apple/swift-collections.git";
			requirement = {
				kind = upToNextMajorVersion;
				minimumVersion = 1.0.0;
			};
		};
		B92A59D426E46B64002AC260 /* XCRemoteSwiftPackageReference "CGeometry" */ = {
			isa = XCRemoteSwiftPackageReference;
			repositoryURL = "https://github.com/juliand665/CGeometry";
			requirement = {
				kind = upToNextMajorVersion;
				minimumVersion = 0.3.0;
			};
		};
		B96E9C0826E27A4C00A46A3B /* XCRemoteSwiftPackageReference "HandyOperators" */ = {
			isa = XCRemoteSwiftPackageReference;
			repositoryURL = "https://github.com/juliand665/HandyOperators";
			requirement = {
				kind = upToNextMajorVersion;
				minimumVersion = 2.0.0;
			};
		};
		B96E9C0B26E2867800A46A3B /* XCRemoteSwiftPackageReference "ArrayBuilder" */ = {
			isa = XCRemoteSwiftPackageReference;
			repositoryURL = "https://github.com/juliand665/ArrayBuilder";
			requirement = {
				kind = upToNextMajorVersion;
				minimumVersion = 1.0.0;
			};
		};
		B96E9C1126E2992D00A46A3B /* XCRemoteSwiftPackageReference "UserDefault" */ = {
			isa = XCRemoteSwiftPackageReference;
			repositoryURL = "https://github.com/juliand665/UserDefault";
			requirement = {
				kind = upToNextMajorVersion;
				minimumVersion = 1.0.0;
			};
		};
		B9855C1A26EE2848006764BD /* XCRemoteSwiftPackageReference "SwifUI-Missing-Pieces" */ = {
			isa = XCRemoteSwiftPackageReference;
			repositoryURL = "https://github.com/juliand665/SwifUI-Missing-Pieces.git";
			requirement = {
				branch = main;
				kind = branch;
			};
		};
		B9855C1D26EE2AB5006764BD /* XCRemoteSwiftPackageReference "swift-algorithms" */ = {
			isa = XCRemoteSwiftPackageReference;
			repositoryURL = "https://github.com/apple/swift-algorithms.git";
			requirement = {
				kind = upToNextMajorVersion;
				minimumVersion = 1.0.0;
			};
		};
		B9D5CEF0277A833500A6DBE0 /* XCRemoteSwiftPackageReference "SimpleParser" */ = {
			isa = XCRemoteSwiftPackageReference;
			repositoryURL = "https://github.com/juliand665/SimpleParser.git";
			requirement = {
				branch = main;
				kind = branch;
			};
		};
/* End XCRemoteSwiftPackageReference section */

/* Begin XCSwiftPackageProductDependency section */
		B91526002715322A00E8B031 /* Collections */ = {
			isa = XCSwiftPackageProductDependency;
			package = B91525FF2715322A00E8B031 /* XCRemoteSwiftPackageReference "swift-collections" */;
			productName = Collections;
		};
		B91526022715324A00E8B031 /* Collections */ = {
			isa = XCSwiftPackageProductDependency;
			package = B91525FF2715322A00E8B031 /* XCRemoteSwiftPackageReference "swift-collections" */;
			productName = Collections;
		};
		B92A59D526E46B64002AC260 /* CGeometry */ = {
			isa = XCSwiftPackageProductDependency;
			package = B92A59D426E46B64002AC260 /* XCRemoteSwiftPackageReference "CGeometry" */;
			productName = CGeometry;
		};
		B96C7097270885AB001DAEF8 /* ArrayBuilder */ = {
			isa = XCSwiftPackageProductDependency;
			package = B96E9C0B26E2867800A46A3B /* XCRemoteSwiftPackageReference "ArrayBuilder" */;
			productName = ArrayBuilder;
		};
		B96C70A52708EAF3001DAEF8 /* HandyOperators */ = {
			isa = XCSwiftPackageProductDependency;
			package = B96E9C0826E27A4C00A46A3B /* XCRemoteSwiftPackageReference "HandyOperators" */;
			productName = HandyOperators;
		};
		B96C70AB27091CB2001DAEF8 /* Algorithms */ = {
			isa = XCSwiftPackageProductDependency;
			package = B9855C1D26EE2AB5006764BD /* XCRemoteSwiftPackageReference "swift-algorithms" */;
			productName = Algorithms;
		};
		B96E9C0926E27A4C00A46A3B /* HandyOperators */ = {
			isa = XCSwiftPackageProductDependency;
			package = B96E9C0826E27A4C00A46A3B /* XCRemoteSwiftPackageReference "HandyOperators" */;
			productName = HandyOperators;
		};
		B96E9C0C26E2867800A46A3B /* ArrayBuilder */ = {
			isa = XCSwiftPackageProductDependency;
			package = B96E9C0B26E2867800A46A3B /* XCRemoteSwiftPackageReference "ArrayBuilder" */;
			productName = ArrayBuilder;
		};
		B96E9C1226E2992D00A46A3B /* UserDefault */ = {
			isa = XCSwiftPackageProductDependency;
			package = B96E9C1126E2992D00A46A3B /* XCRemoteSwiftPackageReference "UserDefault" */;
			productName = UserDefault;
		};
		B9855C1B26EE2848006764BD /* SwiftUIMissingPieces */ = {
			isa = XCSwiftPackageProductDependency;
			package = B9855C1A26EE2848006764BD /* XCRemoteSwiftPackageReference "SwifUI-Missing-Pieces" */;
			productName = SwiftUIMissingPieces;
		};
		B9855C1E26EE2AB5006764BD /* Algorithms */ = {
			isa = XCSwiftPackageProductDependency;
			package = B9855C1D26EE2AB5006764BD /* XCRemoteSwiftPackageReference "swift-algorithms" */;
			productName = Algorithms;
		};
		B9A11F572852B89000599719 /* SimpleParser */ = {
			isa = XCSwiftPackageProductDependency;
			package = B9D5CEF0277A833500A6DBE0 /* XCRemoteSwiftPackageReference "SimpleParser" */;
			productName = SimpleParser;
		};
		B9D5CEF1277A833500A6DBE0 /* SimpleParser */ = {
			isa = XCSwiftPackageProductDependency;
			package = B9D5CEF0277A833500A6DBE0 /* XCRemoteSwiftPackageReference "SimpleParser" */;
			productName = SimpleParser;
		};
/* End XCSwiftPackageProductDependency section */
	};
	rootObject = B96E9BE726E2755200A46A3B /* Project object */;
}
