{
  "pins" : [
    {
      "identity" : "arraybuilder",
      "kind" : "remoteSourceControl",
      "location" : "https://github.com/juliand665/ArrayBuilder",
      "state" : {
        "revision" : "f713ffd1432c5fb7cbf47a84bd634b18256957b6",
        "version" : "1.1.0"
      }
    },
    {
      "identity" : "cgeometry",
      "kind" : "remoteSourceControl",
      "location" : "https://github.com/juliand665/CGeometry",
      "state" : {
        "revision" : "ac52d6473d585836108a51a5f940464795efdc26",
        "version" : "0.3.0"
      }
    },
    {
      "identity" : "handyoperators",
      "kind" : "remoteSourceControl",
      "location" : "https://github.com/juliand665/HandyOperators",
      "state" : {
        "revision" : "39f39ae74471112d54152227bb70053b59ea796f",
        "version" : "2.1.0"
      }
    },
    {
      "identity" : "simpleparser",
      "kind" : "remoteSourceControl",
      "location" : "https://github.com/juliand665/SimpleParser.git",
      "state" : {
        "branch" : "main",
        "revision" : "785dce487377ac789c65aa5e7d9a85d4f45c54da"
      }
    },
    {
      "identity" : "swift-algorithms",
      "kind" : "remoteSourceControl",
      "location" : "https://github.com/apple/swift-algorithms.git",
      "state" : {
        "revision" : "b14b7f4c528c942f121c8b860b9410b2bf57825e",
        "version" : "1.0.0"
      }
    },
    {
      "identity" : "swift-collections",
      "kind" : "remoteSourceControl",
      "location" : "https://github.com/apple/swift-collections.git",
      "state" : {
        "revision" : "2d33a0ea89c961dcb2b3da2157963d9c0370347e",
        "version" : "1.0.1"
      }
    },
    {
      "identity" : "swift-numerics",
      "kind" : "remoteSourceControl",
      "location" : "https://github.com/apple/swift-numerics",
      "state" : {
        "revision" : "0a23770641f65a4de61daf5425a37ae32a3fd00d",
        "version" : "1.0.1"
      }
    },
    {
      "identity" : "swifui-missing-pieces",
      "kind" : "remoteSourceControl",
      "location" : "https://github.com/juliand665/SwifUI-Missing-Pieces.git",
      "state" : {
        "branch" : "main",
        "revision" : "b61ba8552b0ebc21e82efa7f92b24c533f0a3072"
      }
    },
    {
      "identity" : "userdefault",
      "kind" : "remoteSourceControl",
      "location" : "https://github.com/juliand665/UserDefault",
      "state" : {
        "revision" : "aabe6e72534c85baa5c07e7de7be5345a5506eb2",
        "version" : "1.1.2"
      }
    }
  ],
  "version" : 2
}
